{
  "name": "generic-sensors-lite",
  "version": "0.0.2",
  "lockfileVersion": 1,
  "requires": true,
  "dependencies": {
    "bh1750": {
      "version": "0.0.4",
      "resolved": "https://registry.npmjs.org/bh1750/-/bh1750-0.0.4.tgz",
      "integrity": "sha512-ViEQclddo4Ob0Z73zhU0i0dKngSh3c58uYvTq6SpkCqS2WomoGGxKuV9N/8ZTy3AUJbwmh6ROzoIUu8RvL0xeA==",
      "requires": {
        "i2c": "0.2.3",
        "lodash": "2.4.1"
      }
    },
    "bindings": {
      "version": "1.2.1",
      "resolved": "https://registry.npmjs.org/bindings/-/bindings-1.2.1.tgz",
      "integrity": "sha1-FK1hE4EtLTfXLme0ystLtyZQXxE="
    },
    "bmp085": {
      "version": "0.5.1",
      "resolved": "https://registry.npmjs.org/bmp085/-/bmp085-0.5.1.tgz",
      "integrity": "sha512-fnTbYXedcAPOSoFmlswEFhZEaBA7h8g2oIZEpLBTY5WClpoua8owpo5waB5BaZIhoUWhyomxKMuOU3WGrCpbnQ==",
      "requires": {
        "i2c": "0.2.3",
        "underscore": "1.5.2"
      },
      "dependencies": {
        "underscore": {
          "version": "1.5.2",
          "resolved": "https://registry.npmjs.org/underscore/-/underscore-1.5.2.tgz",
          "integrity": "sha1-EzXF5PXm0zu7SwBrqMhqAPVW3gg="
        }
      }
    },
    "coffee-script": {
      "version": "1.9.1",
      "resolved": "https://registry.npmjs.org/coffee-script/-/coffee-script-1.9.1.tgz",
      "integrity": "sha1-xFjQIgD0YNBkp5y2qx7m4snKHDE="
    },
    "i2c": {
      "version": "0.2.3",
      "resolved": "https://registry.npmjs.org/i2c/-/i2c-0.2.3.tgz",
      "integrity": "sha1-9D9wKBQQJq5IrymQo3RjPR2rPSs=",
      "requires": {
        "bindings": "1.2.1",
        "coffee-script": "1.9.1",
        "nan": "2.3.5",
        "repl": "0.1.3",
        "underscore": "1.8.2"
      }
    },
    "lodash": {
      "version": "2.4.1",
      "resolved": "https://registry.npmjs.org/lodash/-/lodash-2.4.1.tgz",
      "integrity": "sha1-W3cjA03aTSYuWkb7LFjXzCL3FCA="
    },
    "nan": {
      "version": "2.3.5",
      "resolved": "https://registry.npmjs.org/nan/-/nan-2.3.5.tgz",
      "integrity": "sha1-gioNwmYpDOTNOhIoLKPn42Rmigg="
    },
    "repl": {
      "version": "0.1.3",
      "resolved": "https://registry.npmjs.org/repl/-/repl-0.1.3.tgz",
      "integrity": "sha1-LwXUKwyItD0FzL2hDtFK7/Vpm2A="
    },
    "underscore": {
      "version": "1.8.2",
      "resolved": "https://registry.npmjs.org/underscore/-/underscore-1.8.2.tgz",
      "integrity": "sha1-ZN8utZCJnelQeC83NRkLpC6/MR0="
    }
  }
}
